// !$*UTF8*$!
{
	archiveVersion = 1;
	classes = {
	};
	objectVersion = 48;
	objects = {

/* Begin PBXBuildFile section */
		660339F01FD4BA0600D9D604 /* manage_row.c in Sources */ = {isa = PBXBuildFile; fileRef = 660339EF1FD4BA0600D9D604 /* manage_row.c */; };
		66172C101FD3A0290039008F /* manage_array.c in Sources */ = {isa = PBXBuildFile; fileRef = 66172C0F1FD3A0290039008F /* manage_array.c */; };
		661A35191FB8FE2900CAD23F /* manage_table.c in Sources */ = {isa = PBXBuildFile; fileRef = 661A35181FB8FE2900CAD23F /* manage_table.c */; };
		6654B3771F9D4A42007EE525 /* manage_file.c in Sources */ = {isa = PBXBuildFile; fileRef = 6654B3761F9D4A42007EE525 /* manage_file.c */; };
		6654B3791F9D4A6C007EE525 /* manage_database.c in Sources */ = {isa = PBXBuildFile; fileRef = 6654B3781F9D4A6C007EE525 /* manage_database.c */; };
		667BDAD21F9CE1A5009B818D /* main.c in Sources */ = {isa = PBXBuildFile; fileRef = 667BDAD11F9CE1A5009B818D /* main.c */; };
		66A181931FDD70E4002C675F /* special_parsing.c in Sources */ = {isa = PBXBuildFile; fileRef = 66A181911FDD70E4002C675F /* special_parsing.c */; };
		66A181941FDD70E4002C675F /* manage_entry.c in Sources */ = {isa = PBXBuildFile; fileRef = 66A181921FDD70E4002C675F /* manage_entry.c */; };
/* End PBXBuildFile section */

/* Begin PBXCopyFilesBuildPhase section */
		667BDACC1F9CE1A5009B818D /* CopyFiles */ = {
			isa = PBXCopyFilesBuildPhase;
			buildActionMask = 2147483647;
			dstPath = /usr/share/man/man1/;
			dstSubfolderSpec = 0;
			files = (
			);
			runOnlyForDeploymentPostprocessing = 1;
		};
/* End PBXCopyFilesBuildPhase section */

/* Begin PBXFileReference section */
		660339EF1FD4BA0600D9D604 /* manage_row.c */ = {isa = PBXFileReference; lastKnownFileType = sourcecode.c.c; path = manage_row.c; sourceTree = "<group>"; };
		660339F11FD4BAAA00D9D604 /* manage_row.h */ = {isa = PBXFileReference; lastKnownFileType = sourcecode.c.h; path = manage_row.h; sourceTree = "<group>"; };
		66172C0F1FD3A0290039008F /* manage_array.c */ = {isa = PBXFileReference; lastKnownFileType = sourcecode.c.c; path = manage_array.c; sourceTree = "<group>"; };
		66172C111FD3A0720039008F /* manage_array.h */ = {isa = PBXFileReference; lastKnownFileType = sourcecode.c.h; path = manage_array.h; sourceTree = "<group>"; };
		661A35171FB8B14800CAD23F /* config.h */ = {isa = PBXFileReference; lastKnownFileType = sourcecode.c.h; path = config.h; sourceTree = "<group>"; };
		661A35181FB8FE2900CAD23F /* manage_table.c */ = {isa = PBXFileReference; lastKnownFileType = sourcecode.c.c; path = manage_table.c; sourceTree = "<group>"; };
		661A351A1FB8FE3B00CAD23F /* manage_table.h */ = {isa = PBXFileReference; lastKnownFileType = sourcecode.c.h; path = manage_table.h; sourceTree = "<group>"; };
		6654B3761F9D4A42007EE525 /* manage_file.c */ = {isa = PBXFileReference; lastKnownFileType = sourcecode.c.c; path = manage_file.c; sourceTree = "<group>"; };
		6654B3781F9D4A6C007EE525 /* manage_database.c */ = {isa = PBXFileReference; lastKnownFileType = sourcecode.c.c; path = manage_database.c; sourceTree = "<group>"; };
		6654B37A1F9D4AAC007EE525 /* manage_file.h */ = {isa = PBXFileReference; lastKnownFileType = sourcecode.c.h; path = manage_file.h; sourceTree = "<group>"; };
		6654B37B1F9D4ABC007EE525 /* manage_database.h */ = {isa = PBXFileReference; lastKnownFileType = sourcecode.c.h; path = manage_database.h; sourceTree = "<group>"; };
		667BDACE1F9CE1A5009B818D /* yaml_db */ = {isa = PBXFileReference; explicitFileType = "compiled.mach-o.executable"; includeInIndex = 0; path = yaml_db; sourceTree = BUILT_PRODUCTS_DIR; };
		667BDAD11F9CE1A5009B818D /* main.c */ = {isa = PBXFileReference; lastKnownFileType = sourcecode.c.c; path = main.c; sourceTree = "<group>"; };
		667BDAE01F9CE21B009B818D /* .gitkeep */ = {isa = PBXFileReference; lastKnownFileType = text; path = .gitkeep; sourceTree = "<group>"; };
		667BDAE11F9CE228009B818D /* .gitkeep */ = {isa = PBXFileReference; lastKnownFileType = text; path = .gitkeep; sourceTree = "<group>"; };
		667BDAE21F9CE237009B818D /* .gitkeep */ = {isa = PBXFileReference; lastKnownFileType = text; path = .gitkeep; sourceTree = "<group>"; };
		667BDAE31F9CE24A009B818D /* .gitkeep */ = {isa = PBXFileReference; lastKnownFileType = text; path = .gitkeep; sourceTree = "<group>"; };
		667BDAE41F9CE255009B818D /* .gitkeep */ = {isa = PBXFileReference; lastKnownFileType = text; path = .gitkeep; sourceTree = "<group>"; };
		667BDAE51F9CE25F009B818D /* .gitkeep */ = {isa = PBXFileReference; lastKnownFileType = text; path = .gitkeep; sourceTree = "<group>"; };
		667BDAE81F9CE51A009B818D /* .gitignore */ = {isa = PBXFileReference; lastKnownFileType = text; path = .gitignore; sourceTree = "<group>"; };
		667BDAE91F9CE59B009B818D /* README.md */ = {isa = PBXFileReference; lastKnownFileType = net.daringfireball.markdown; path = README.md; sourceTree = "<group>"; };
		66A1818E1FDD70DB002C675F /* conf.h */ = {isa = PBXFileReference; lastKnownFileType = sourcecode.c.h; path = conf.h; sourceTree = "<group>"; };
		66A1818F1FDD70DB002C675F /* manage_entry.h */ = {isa = PBXFileReference; lastKnownFileType = sourcecode.c.h; path = manage_entry.h; sourceTree = "<group>"; };
		66A181901FDD70DB002C675F /* special_parsing.h */ = {isa = PBXFileReference; lastKnownFileType = sourcecode.c.h; path = special_parsing.h; sourceTree = "<group>"; };
		66A181911FDD70E4002C675F /* special_parsing.c */ = {isa = PBXFileReference; fileEncoding = 4; lastKnownFileType = sourcecode.c.c; path = special_parsing.c; sourceTree = "<group>"; };
		66A181921FDD70E4002C675F /* manage_entry.c */ = {isa = PBXFileReference; fileEncoding = 4; lastKnownFileType = sourcecode.c.c; path = manage_entry.c; sourceTree = "<group>"; };
/* End PBXFileReference section */

/* Begin PBXFrameworksBuildPhase section */
		667BDACB1F9CE1A5009B818D /* Frameworks */ = {
			isa = PBXFrameworksBuildPhase;
			buildActionMask = 2147483647;
			files = (
			);
			runOnlyForDeploymentPostprocessing = 0;
		};
/* End PBXFrameworksBuildPhase section */

/* Begin PBXGroup section */
		667BDAC51F9CE1A5009B818D = {
			isa = PBXGroup;
			children = (
				667BDAE91F9CE59B009B818D /* README.md */,
				667BDAE81F9CE51A009B818D /* .gitignore */,
				667BDADB1F9CE1CB009B818D /* bin */,
				667BDADF1F9CE1E5009B818D /* databases */,
				667BDADE1F9CE1DE009B818D /* documentation */,
				667BDADC1F9CE1CE009B818D /* ext */,
				667BDADD1F9CE1D8009B818D /* INSTALL */,
				667BDADA1F9CE1C4009B818D /* resources */,
				667BDAD01F9CE1A5009B818D /* sources */,
				667BDACF1F9CE1A5009B818D /* Products */,
			);
			sourceTree = "<group>";
		};
		667BDACF1F9CE1A5009B818D /* Products */ = {
			isa = PBXGroup;
			children = (
				667BDACE1F9CE1A5009B818D /* yaml_db */,
			);
			name = Products;
			sourceTree = "<group>";
		};
		667BDAD01F9CE1A5009B818D /* sources */ = {
			isa = PBXGroup;
			children = (
				667BDAD91F9CE1B9009B818D /* headers */,
				667BDAD81F9CE1B5009B818D /* sources */,
			);
			path = sources;
			sourceTree = "<group>";
		};
		667BDAD81F9CE1B5009B818D /* sources */ = {
			isa = PBXGroup;
			children = (
				667BDAD11F9CE1A5009B818D /* main.c */,
				6654B3761F9D4A42007EE525 /* manage_file.c */,
				6654B3781F9D4A6C007EE525 /* manage_database.c */,
				661A35181FB8FE2900CAD23F /* manage_table.c */,
				66172C0F1FD3A0290039008F /* manage_array.c */,
				660339EF1FD4BA0600D9D604 /* manage_row.c */,
				66A181921FDD70E4002C675F /* manage_entry.c */,
				66A181911FDD70E4002C675F /* special_parsing.c */,
			);
			path = sources;
			sourceTree = "<group>";
		};
		667BDAD91F9CE1B9009B818D /* headers */ = {
			isa = PBXGroup;
			children = (
				6654B37A1F9D4AAC007EE525 /* manage_file.h */,
				6654B37B1F9D4ABC007EE525 /* manage_database.h */,
				661A35171FB8B14800CAD23F /* config.h */,
				661A351A1FB8FE3B00CAD23F /* manage_table.h */,
				66172C111FD3A0720039008F /* manage_array.h */,
				660339F11FD4BAAA00D9D604 /* manage_row.h */,
				66A1818E1FDD70DB002C675F /* conf.h */,
				66A1818F1FDD70DB002C675F /* manage_entry.h */,
				66A181901FDD70DB002C675F /* special_parsing.h */,
			);
			path = headers;
			sourceTree = "<group>";
		};
		667BDADA1F9CE1C4009B818D /* resources */ = {
			isa = PBXGroup;
			children = (
				667BDAE51F9CE25F009B818D /* .gitkeep */,
			);
			path = resources;
			sourceTree = "<group>";
		};
		667BDADB1F9CE1CB009B818D /* bin */ = {
			isa = PBXGroup;
			children = (
				667BDAE01F9CE21B009B818D /* .gitkeep */,
			);
			path = bin;
			sourceTree = "<group>";
		};
		667BDADC1F9CE1CE009B818D /* ext */ = {
			isa = PBXGroup;
			children = (
				667BDAE31F9CE24A009B818D /* .gitkeep */,
			);
			path = ext;
			sourceTree = "<group>";
		};
		667BDADD1F9CE1D8009B818D /* INSTALL */ = {
			isa = PBXGroup;
			children = (
				667BDAE41F9CE255009B818D /* .gitkeep */,
			);
			path = INSTALL;
			sourceTree = "<group>";
		};
		667BDADE1F9CE1DE009B818D /* documentation */ = {
			isa = PBXGroup;
			children = (
				667BDAE21F9CE237009B818D /* .gitkeep */,
			);
			path = documentation;
			sourceTree = "<group>";
		};
		667BDADF1F9CE1E5009B818D /* databases */ = {
			isa = PBXGroup;
			children = (
				667BDAE11F9CE228009B818D /* .gitkeep */,
			);
			path = databases;
			sourceTree = "<group>";
		};
/* End PBXGroup section */

/* Begin PBXNativeTarget section */
		667BDACD1F9CE1A5009B818D /* yaml_db */ = {
			isa = PBXNativeTarget;
			buildConfigurationList = 667BDAD51F9CE1A5009B818D /* Build configuration list for PBXNativeTarget "yaml_db" */;
			buildPhases = (
				667BDACA1F9CE1A5009B818D /* Sources */,
				667BDACB1F9CE1A5009B818D /* Frameworks */,
				667BDACC1F9CE1A5009B818D /* CopyFiles */,
			);
			buildRules = (
			);
			dependencies = (
			);
			name = yaml_db;
			productName = yaml_db;
			productReference = 667BDACE1F9CE1A5009B818D /* yaml_db */;
			productType = "com.apple.product-type.tool";
		};
/* End PBXNativeTarget section */

/* Begin PBXProject section */
		667BDAC61F9CE1A5009B818D /* Project object */ = {
			isa = PBXProject;
			attributes = {
				LastUpgradeCheck = 0900;
				ORGANIZATIONNAME = "Groupe 16";
				TargetAttributes = {
					667BDACD1F9CE1A5009B818D = {
						CreatedOnToolsVersion = 9.0.1;
						ProvisioningStyle = Automatic;
					};
				};
			};
			buildConfigurationList = 667BDAC91F9CE1A5009B818D /* Build configuration list for PBXProject "yaml_db" */;
			compatibilityVersion = "Xcode 8.0";
			developmentRegion = en;
			hasScannedForEncodings = 0;
			knownRegions = (
				en,
			);
			mainGroup = 667BDAC51F9CE1A5009B818D;
			productRefGroup = 667BDACF1F9CE1A5009B818D /* Products */;
			projectDirPath = "";
			projectRoot = "";
			targets = (
				667BDACD1F9CE1A5009B818D /* yaml_db */,
			);
		};
/* End PBXProject section */

/* Begin PBXSourcesBuildPhase section */
		667BDACA1F9CE1A5009B818D /* Sources */ = {
			isa = PBXSourcesBuildPhase;
			buildActionMask = 2147483647;
			files = (
				6654B3771F9D4A42007EE525 /* manage_file.c in Sources */,
				6654B3791F9D4A6C007EE525 /* manage_database.c in Sources */,
				667BDAD21F9CE1A5009B818D /* main.c in Sources */,
				661A35191FB8FE2900CAD23F /* manage_table.c in Sources */,
				66172C101FD3A0290039008F /* manage_array.c in Sources */,
				660339F01FD4BA0600D9D604 /* manage_row.c in Sources */,
				66A181931FDD70E4002C675F /* special_parsing.c in Sources */,
				667BDAD21F9CE1A5009B818D /* main.c in Sources */,
				66A181941FDD70E4002C675F /* manage_entry.c in Sources */,
			);
			runOnlyForDeploymentPostprocessing = 0;
		};
/* End PBXSourcesBuildPhase section */

/* Begin XCBuildConfiguration section */
		667BDAD31F9CE1A5009B818D /* Debug */ = {
			isa = XCBuildConfiguration;
			buildSettings = {
				ALWAYS_SEARCH_USER_PATHS = NO;
				CLANG_ANALYZER_NONNULL = YES;
				CLANG_ANALYZER_NUMBER_OBJECT_CONVERSION = YES_AGGRESSIVE;
				CLANG_CXX_LANGUAGE_STANDARD = "gnu++14";
				CLANG_CXX_LIBRARY = "libc++";
				CLANG_ENABLE_MODULES = YES;
				CLANG_ENABLE_OBJC_ARC = YES;
				CLANG_WARN_BLOCK_CAPTURE_AUTORELEASING = YES;
				CLANG_WARN_BOOL_CONVERSION = YES;
				CLANG_WARN_COMMA = YES;
				CLANG_WARN_CONSTANT_CONVERSION = YES;
				CLANG_WARN_DIRECT_OBJC_ISA_USAGE = YES_ERROR;
				CLANG_WARN_DOCUMENTATION_COMMENTS = YES;
				CLANG_WARN_EMPTY_BODY = YES;
				CLANG_WARN_ENUM_CONVERSION = YES;
				CLANG_WARN_INFINITE_RECURSION = YES;
				CLANG_WARN_INT_CONVERSION = YES;
				CLANG_WARN_NON_LITERAL_NULL_CONVERSION = YES;
				CLANG_WARN_OBJC_LITERAL_CONVERSION = YES;
				CLANG_WARN_OBJC_ROOT_CLASS = YES_ERROR;
				CLANG_WARN_RANGE_LOOP_ANALYSIS = YES;
				CLANG_WARN_STRICT_PROTOTYPES = YES;
				CLANG_WARN_SUSPICIOUS_MOVE = YES;
				CLANG_WARN_UNGUARDED_AVAILABILITY = YES_AGGRESSIVE;
				CLANG_WARN_UNREACHABLE_CODE = YES;
				CLANG_WARN__DUPLICATE_METHOD_MATCH = YES;
				CODE_SIGN_IDENTITY = "-";
				COPY_PHASE_STRIP = NO;
				DEBUG_INFORMATION_FORMAT = dwarf;
				ENABLE_STRICT_OBJC_MSGSEND = YES;
				ENABLE_TESTABILITY = YES;
				GCC_C_LANGUAGE_STANDARD = gnu11;
				GCC_DYNAMIC_NO_PIC = NO;
				GCC_NO_COMMON_BLOCKS = YES;
				GCC_OPTIMIZATION_LEVEL = 0;
				GCC_PREPROCESSOR_DEFINITIONS = (
					"DEBUG=1",
					"$(inherited)",
				);
				GCC_WARN_64_TO_32_BIT_CONVERSION = YES;
				GCC_WARN_ABOUT_RETURN_TYPE = YES_ERROR;
				GCC_WARN_UNDECLARED_SELECTOR = YES;
				GCC_WARN_UNINITIALIZED_AUTOS = YES_AGGRESSIVE;
				GCC_WARN_UNUSED_FUNCTION = YES;
				GCC_WARN_UNUSED_VARIABLE = YES;
				MACOSX_DEPLOYMENT_TARGET = 10.12;
				MTL_ENABLE_DEBUG_INFO = YES;
				ONLY_ACTIVE_ARCH = YES;
				SDKROOT = macosx;
			};
			name = Debug;
		};
		667BDAD41F9CE1A5009B818D /* Release */ = {
			isa = XCBuildConfiguration;
			buildSettings = {
				ALWAYS_SEARCH_USER_PATHS = NO;
				CLANG_ANALYZER_NONNULL = YES;
				CLANG_ANALYZER_NUMBER_OBJECT_CONVERSION = YES_AGGRESSIVE;
				CLANG_CXX_LANGUAGE_STANDARD = "gnu++14";
				CLANG_CXX_LIBRARY = "libc++";
				CLANG_ENABLE_MODULES = YES;
				CLANG_ENABLE_OBJC_ARC = YES;
				CLANG_WARN_BLOCK_CAPTURE_AUTORELEASING = YES;
				CLANG_WARN_BOOL_CONVERSION = YES;
				CLANG_WARN_COMMA = YES;
				CLANG_WARN_CONSTANT_CONVERSION = YES;
				CLANG_WARN_DIRECT_OBJC_ISA_USAGE = YES_ERROR;
				CLANG_WARN_DOCUMENTATION_COMMENTS = YES;
				CLANG_WARN_EMPTY_BODY = YES;
				CLANG_WARN_ENUM_CONVERSION = YES;
				CLANG_WARN_INFINITE_RECURSION = YES;
				CLANG_WARN_INT_CONVERSION = YES;
				CLANG_WARN_NON_LITERAL_NULL_CONVERSION = YES;
				CLANG_WARN_OBJC_LITERAL_CONVERSION = YES;
				CLANG_WARN_OBJC_ROOT_CLASS = YES_ERROR;
				CLANG_WARN_RANGE_LOOP_ANALYSIS = YES;
				CLANG_WARN_STRICT_PROTOTYPES = YES;
				CLANG_WARN_SUSPICIOUS_MOVE = YES;
				CLANG_WARN_UNGUARDED_AVAILABILITY = YES_AGGRESSIVE;
				CLANG_WARN_UNREACHABLE_CODE = YES;
				CLANG_WARN__DUPLICATE_METHOD_MATCH = YES;
				CODE_SIGN_IDENTITY = "-";
				COPY_PHASE_STRIP = NO;
				DEBUG_INFORMATION_FORMAT = "dwarf-with-dsym";
				ENABLE_NS_ASSERTIONS = NO;
				ENABLE_STRICT_OBJC_MSGSEND = YES;
				GCC_C_LANGUAGE_STANDARD = gnu11;
				GCC_NO_COMMON_BLOCKS = YES;
				GCC_WARN_64_TO_32_BIT_CONVERSION = YES;
				GCC_WARN_ABOUT_RETURN_TYPE = YES_ERROR;
				GCC_WARN_UNDECLARED_SELECTOR = YES;
				GCC_WARN_UNINITIALIZED_AUTOS = YES_AGGRESSIVE;
				GCC_WARN_UNUSED_FUNCTION = YES;
				GCC_WARN_UNUSED_VARIABLE = YES;
				MACOSX_DEPLOYMENT_TARGET = 10.12;
				MTL_ENABLE_DEBUG_INFO = NO;
				SDKROOT = macosx;
			};
			name = Release;
		};
		667BDAD61F9CE1A5009B818D /* Debug */ = {
			isa = XCBuildConfiguration;
			buildSettings = {
				CODE_SIGN_STYLE = Automatic;
				PRODUCT_NAME = "$(TARGET_NAME)";
			};
			name = Debug;
		};
		667BDAD71F9CE1A5009B818D /* Release */ = {
			isa = XCBuildConfiguration;
			buildSettings = {
				CODE_SIGN_STYLE = Automatic;
				PRODUCT_NAME = "$(TARGET_NAME)";
			};
			name = Release;
		};
/* End XCBuildConfiguration section */

/* Begin XCConfigurationList section */
		667BDAC91F9CE1A5009B818D /* Build configuration list for PBXProject "yaml_db" */ = {
			isa = XCConfigurationList;
			buildConfigurations = (
				667BDAD31F9CE1A5009B818D /* Debug */,
				667BDAD41F9CE1A5009B818D /* Release */,
			);
			defaultConfigurationIsVisible = 0;
			defaultConfigurationName = Release;
		};
		667BDAD51F9CE1A5009B818D /* Build configuration list for PBXNativeTarget "yaml_db" */ = {
			isa = XCConfigurationList;
			buildConfigurations = (
				667BDAD61F9CE1A5009B818D /* Debug */,
				667BDAD71F9CE1A5009B818D /* Release */,
			);
			defaultConfigurationIsVisible = 0;
			defaultConfigurationName = Release;
		};
/* End XCConfigurationList section */
	};
	rootObject = 667BDAC61F9CE1A5009B818D /* Project object */;
}
